PODS:
  - Expecta (1.0.0)
  - RCRestTableView (0.1.0):
    - RCRestTableView/Core (= 0.1.0)
  - RCRestTableView/Core (0.1.0):
    - RCRestTableView/TableView
  - RCRestTableView/TableView (0.1.0)
  - RCRestTableView/Testing (0.1.0)
  - ReactiveCocoa (2.5):
    - ReactiveCocoa/UI (= 2.5)
  - ReactiveCocoa/Core (2.5):
    - ReactiveCocoa/no-arc
  - ReactiveCocoa/no-arc (2.5)
  - ReactiveCocoa/UI (2.5):
    - ReactiveCocoa/Core
  - Specta (0.5.0)

DEPENDENCIES:
  - Expecta
  - RCRestTableView (from `../`)
  - RCRestTableView/Testing (from `../`)
  - ReactiveCocoa (~> 2.5)
  - Specta (~> 0.5)

EXTERNAL SOURCES:
  RCRestTableView:
    :path: "../"

SPEC CHECKSUMS:
  Expecta: 32604574add2c46a36f8d2f716b6c5736eb75024
  RCRestTableView: 5724173f5a6cc322b4088eb48e9a5b2c015753be
  ReactiveCocoa: e2db045570aa97c695e7aa97c2bcab222ae51f4a
  Specta: eb90708ed77569bbda089f8ead10bb99b8e9489e

COCOAPODS: 0.36.4
